# This file is autogenerated, do not edit; changes may be undone by the next 'dep ensure'.


[[projects]]
  branch = "master"
  name = "github.com/losinggeneration/geojson"
  packages = ["."]
  revision = "09bc167a825ea0874ccbf83142698a56764022c9"

[[projects]]
  name = "github.com/pkg/errors"
  packages = ["."]
  revision = "645ef00459ed84a119197bfb8d8205042c6df63d"
  version = "v0.8.0"

[solve-meta]
  analyzer-name = "dep"
  analyzer-version = 1
  inputs-digest = "c149b44184a0353a01cb9118749dfae9dab5593d3526ce0b30bed540363c329a"
  solver-name = "gps-cdcl"
  solver-version = 1
